
Microsoft Visual Studio Solution File, Format Version 12.00
# Visual Studio 15
VisualStudioVersion = 15.0.28010.2003
MinimumVisualStudioVersion = 10.0.40219.1
Project("{FAE04EC0-301F-11D3-BF4B-00C04F79EFBC}") = "MoonServer", "MoonServer\MoonServer.csproj", "{AB673145-B098-4103-BF79-CBEC01482161}"
EndProject
Project("{FAE04EC0-301F-11D3-BF4B-00C04F79EFBC}") = "DataLoader", "DataLoader\DataLoader.csproj", "{CD8E97D4-59C0-4835-9512-9ED9AFF238B0}"
EndProject
Project("{FAE04EC0-301F-11D3-BF4B-00C04F79EFBC}") = "MoonboardTester", "MoonboardTester\MoonboardTester.csproj", "{571B7167-F0E7-4B3A-ABD6-24CA3E1366DD}"
EndProject
Global
	GlobalSection(SolutionConfigurationPlatforms) = preSolution
		Debug|Any CPU = Debug|Any CPU
		Release|Any CPU = Release|Any CPU
	EndGlobalSection
	GlobalSection(ProjectConfigurationPlatforms) = postSolution
		{AB673145-B098-4103-BF79-CBEC01482161}.Debug|Any CPU.ActiveCfg = Debug|Any CPU
		{AB673145-B098-4103-BF79-CBEC01482161}.Debug|Any CPU.Build.0 = Debug|Any CPU
		{AB673145-B098-4103-BF79-CBEC01482161}.Release|Any CPU.ActiveCfg = Release|Any CPU
		{AB673145-B098-4103-BF79-CBEC01482161}.Release|Any CPU.Build.0 = Release|Any CPU
		{CD8E97D4-59C0-4835-9512-9ED9AFF238B0}.Debug|Any CPU.ActiveCfg = Debug|Any CPU
		{CD8E97D4-59C0-4835-9512-9ED9AFF238B0}.Debug|Any CPU.Build.0 = Debug|Any CPU
		{CD8E97D4-59C0-4835-9512-9ED9AFF238B0}.Release|Any CPU.ActiveCfg = Release|Any CPU
		{CD8E97D4-59C0-4835-9512-9ED9AFF238B0}.Release|Any CPU.Build.0 = Release|Any CPU
		{571B7167-F0E7-4B3A-ABD6-24CA3E1366DD}.Debug|Any CPU.ActiveCfg = Debug|Any CPU
		{571B7167-F0E7-4B3A-ABD6-24CA3E1366DD}.Debug|Any CPU.Build.0 = Debug|Any CPU
		{571B7167-F0E7-4B3A-ABD6-24CA3E1366DD}.Release|Any CPU.ActiveCfg = Release|Any CPU
		{571B7167-F0E7-4B3A-ABD6-24CA3E1366DD}.Release|Any CPU.Build.0 = Release|Any CPU
	EndGlobalSection
	GlobalSection(SolutionProperties) = preSolution
		HideSolutionNode = FALSE
	EndGlobalSection
	GlobalSection(ExtensibilityGlobals) = postSolution
		SolutionGuid = {02C7503A-752C-4CE9-A62D-A818F602EC75}
	EndGlobalSection
EndGlobal
